
Microsoft Visual Studio Solution File, Format Version 12.00
# Visual Studio 15
VisualStudioVersion = 15.0.28307.572
MinimumVisualStudioVersion = 10.0.40219.1
Project("{2150E333-8FDC-42A3-9474-1A3956D46DE8}") = "Solution Items", "Solution Items", "{79F0A4E3-A3AB-46FA-A3CB-A3742402F3BD}"
	ProjectSection(SolutionItems) = preProject
		CasestudyDb.sql = CasestudyDb.sql
	EndProjectSection
EndProject
Project("{FAE04EC0-301F-11D3-BF4B-00C04F79EFBC}") = "BusinessLogic", "BusinessLogic\BusinessLogic.csproj", "{C68E299A-C6A0-4EE4-BA0F-3B1155D9B3E1}"
EndProject
Project("{FAE04EC0-301F-11D3-BF4B-00C04F79EFBC}") = "BusinessLogic.Tests", "BusinessLogic.Tests\BusinessLogic.Tests.csproj", "{F6397488-3296-49B0-BD10-D395CE64EA35}"
EndProject
Project("{FAE04EC0-301F-11D3-BF4B-00C04F79EFBC}") = "Service", "Service\Service.csproj", "{5A9ED8D3-F703-441C-9250-30432C48EB51}"
EndProject
Project("{FAE04EC0-301F-11D3-BF4B-00C04F79EFBC}") = "GymSPA", "GymSPA\GymSPA.csproj", "{810A37CE-59F3-4C26-986F-F892BDF6F663}"
EndProject
Global
	GlobalSection(SolutionConfigurationPlatforms) = preSolution
		Debug|Any CPU = Debug|Any CPU
		Release|Any CPU = Release|Any CPU
	EndGlobalSection
	GlobalSection(ProjectConfigurationPlatforms) = postSolution
		{C68E299A-C6A0-4EE4-BA0F-3B1155D9B3E1}.Debug|Any CPU.ActiveCfg = Debug|Any CPU
		{C68E299A-C6A0-4EE4-BA0F-3B1155D9B3E1}.Debug|Any CPU.Build.0 = Debug|Any CPU
		{C68E299A-C6A0-4EE4-BA0F-3B1155D9B3E1}.Release|Any CPU.ActiveCfg = Release|Any CPU
		{C68E299A-C6A0-4EE4-BA0F-3B1155D9B3E1}.Release|Any CPU.Build.0 = Release|Any CPU
		{F6397488-3296-49B0-BD10-D395CE64EA35}.Debug|Any CPU.ActiveCfg = Debug|Any CPU
		{F6397488-3296-49B0-BD10-D395CE64EA35}.Debug|Any CPU.Build.0 = Debug|Any CPU
		{F6397488-3296-49B0-BD10-D395CE64EA35}.Release|Any CPU.ActiveCfg = Release|Any CPU
		{F6397488-3296-49B0-BD10-D395CE64EA35}.Release|Any CPU.Build.0 = Release|Any CPU
		{5A9ED8D3-F703-441C-9250-30432C48EB51}.Debug|Any CPU.ActiveCfg = Debug|Any CPU
		{5A9ED8D3-F703-441C-9250-30432C48EB51}.Debug|Any CPU.Build.0 = Debug|Any CPU
		{5A9ED8D3-F703-441C-9250-30432C48EB51}.Release|Any CPU.ActiveCfg = Release|Any CPU
		{5A9ED8D3-F703-441C-9250-30432C48EB51}.Release|Any CPU.Build.0 = Release|Any CPU
		{810A37CE-59F3-4C26-986F-F892BDF6F663}.Debug|Any CPU.ActiveCfg = Debug|Any CPU
		{810A37CE-59F3-4C26-986F-F892BDF6F663}.Debug|Any CPU.Build.0 = Debug|Any CPU
		{810A37CE-59F3-4C26-986F-F892BDF6F663}.Release|Any CPU.ActiveCfg = Release|Any CPU
		{810A37CE-59F3-4C26-986F-F892BDF6F663}.Release|Any CPU.Build.0 = Release|Any CPU
	EndGlobalSection
	GlobalSection(SolutionProperties) = preSolution
		HideSolutionNode = FALSE
	EndGlobalSection
	GlobalSection(ExtensibilityGlobals) = postSolution
		SolutionGuid = {E247352A-EF7E-4BF9-9B59-8B08645D2264}
	EndGlobalSection
EndGlobal
